
Microsoft Visual Studio Solution File, Format Version 12.00
# Visual Studio Version 16
VisualStudioVersion = 16.0.29409.12
MinimumVisualStudioVersion = 10.0.40219.1
Project("{FAE04EC0-301F-11D3-BF4B-00C04F79EFBC}") = "DistributiecenterFonq", "DistributiecenterFonq.csproj", "{D45A75C8-A819-47EF-B79F-C9DC8A1DF19B}"
EndProject
Project("{FAE04EC0-301F-11D3-BF4B-00C04F79EFBC}") = "DistributieClassLibrary", "..\DistributieClassLibrary\DistributieClassLibrary.csproj", "{8B836D3A-D022-4927-9B30-FD3310A8E1EA}"
EndProject
Global
	GlobalSection(SolutionConfigurationPlatforms) = preSolution
		Debug|Any CPU = Debug|Any CPU
		Release|Any CPU = Release|Any CPU
	EndGlobalSection
	GlobalSection(ProjectConfigurationPlatforms) = postSolution
		{D45A75C8-A819-47EF-B79F-C9DC8A1DF19B}.Debug|Any CPU.ActiveCfg = Debug|Any CPU
		{D45A75C8-A819-47EF-B79F-C9DC8A1DF19B}.Debug|Any CPU.Build.0 = Debug|Any CPU
		{D45A75C8-A819-47EF-B79F-C9DC8A1DF19B}.Release|Any CPU.ActiveCfg = Release|Any CPU
		{D45A75C8-A819-47EF-B79F-C9DC8A1DF19B}.Release|Any CPU.Build.0 = Release|Any CPU
		{8B836D3A-D022-4927-9B30-FD3310A8E1EA}.Debug|Any CPU.ActiveCfg = Debug|Any CPU
		{8B836D3A-D022-4927-9B30-FD3310A8E1EA}.Debug|Any CPU.Build.0 = Debug|Any CPU
		{8B836D3A-D022-4927-9B30-FD3310A8E1EA}.Release|Any CPU.ActiveCfg = Release|Any CPU
		{8B836D3A-D022-4927-9B30-FD3310A8E1EA}.Release|Any CPU.Build.0 = Release|Any CPU
	EndGlobalSection
	GlobalSection(SolutionProperties) = preSolution
		HideSolutionNode = FALSE
	EndGlobalSection
	GlobalSection(ExtensibilityGlobals) = postSolution
		SolutionGuid = {6CA2A8FC-24B0-4043-A956-E2B243D1FD20}
	EndGlobalSection
EndGlobal
